{
  "name": "Nik",
  "lockfileVersion": 3,
  "requires": true,
  "packages": {
    "": {
      "dependencies": {
        "appventurez_js_custom_logger": "^1.0.0"
      }
    },
    "node_modules/appventurez_js_custom_logger": {
      "version": "1.0.0",
      "resolved": "https://registry.npmjs.org/appventurez_js_custom_logger/-/appventurez_js_custom_logger-1.0.0.tgz",
      "integrity": "sha512-lqBWGdxEvxfdyhvYzOHeyzbesF8js+qIiSTECE1DAqgEe6B8WvlkCdxGivo3YEOSgcTi1zKsWEwpahYZQXrbKQ=="
    }
  }
}
